
Microsoft Visual Studio Solution File, Format Version 12.00
# Visual Studio 2012
Project("{FAE04EC0-301F-11D3-BF4B-00C04F79EFBC}") = "BudgetCop", "BudgetCop\BudgetCop.csproj", "{C22DAE18-D0AB-4488-B259-3803A29910A1}"
EndProject
Project("{FAE04EC0-301F-11D3-BF4B-00C04F79EFBC}") = "BudgetCop.iOS", "iOS\BudgetCop.iOS.csproj", "{204BFDDA-DBD2-441E-A2A8-85BCD474D7E0}"
EndProject
Project("{FAE04EC0-301F-11D3-BF4B-00C04F79EFBC}") = "BudgetCop.Droid", "Droid\BudgetCop.Droid.csproj", "{F7DBA837-F1BE-4216-A1B0-DEA7DC942704}"
EndProject
Global
	GlobalSection(SolutionConfigurationPlatforms) = preSolution
		Debug|Any CPU = Debug|Any CPU
		Release|Any CPU = Release|Any CPU
		Debug|iPhoneSimulator = Debug|iPhoneSimulator
		Release|iPhone = Release|iPhone
		Release|iPhoneSimulator = Release|iPhoneSimulator
		Debug|iPhone = Debug|iPhone
	EndGlobalSection
	GlobalSection(ProjectConfigurationPlatforms) = postSolution
		{C22DAE18-D0AB-4488-B259-3803A29910A1}.Debug|Any CPU.ActiveCfg = Debug|Any CPU
		{C22DAE18-D0AB-4488-B259-3803A29910A1}.Debug|Any CPU.Build.0 = Debug|Any CPU
		{C22DAE18-D0AB-4488-B259-3803A29910A1}.Release|Any CPU.ActiveCfg = Release|Any CPU
		{C22DAE18-D0AB-4488-B259-3803A29910A1}.Release|Any CPU.Build.0 = Release|Any CPU
		{C22DAE18-D0AB-4488-B259-3803A29910A1}.Debug|iPhoneSimulator.ActiveCfg = Debug|Any CPU
		{C22DAE18-D0AB-4488-B259-3803A29910A1}.Debug|iPhoneSimulator.Build.0 = Debug|Any CPU
		{C22DAE18-D0AB-4488-B259-3803A29910A1}.Release|iPhone.ActiveCfg = Release|Any CPU
		{C22DAE18-D0AB-4488-B259-3803A29910A1}.Release|iPhone.Build.0 = Release|Any CPU
		{C22DAE18-D0AB-4488-B259-3803A29910A1}.Release|iPhoneSimulator.ActiveCfg = Release|Any CPU
		{C22DAE18-D0AB-4488-B259-3803A29910A1}.Release|iPhoneSimulator.Build.0 = Release|Any CPU
		{C22DAE18-D0AB-4488-B259-3803A29910A1}.Debug|iPhone.ActiveCfg = Debug|Any CPU
		{C22DAE18-D0AB-4488-B259-3803A29910A1}.Debug|iPhone.Build.0 = Debug|Any CPU
		{204BFDDA-DBD2-441E-A2A8-85BCD474D7E0}.Debug|Any CPU.ActiveCfg = Debug|iPhoneSimulator
		{204BFDDA-DBD2-441E-A2A8-85BCD474D7E0}.Debug|Any CPU.Build.0 = Debug|iPhoneSimulator
		{204BFDDA-DBD2-441E-A2A8-85BCD474D7E0}.Release|Any CPU.ActiveCfg = Release|iPhone
		{204BFDDA-DBD2-441E-A2A8-85BCD474D7E0}.Release|Any CPU.Build.0 = Release|iPhone
		{204BFDDA-DBD2-441E-A2A8-85BCD474D7E0}.Debug|iPhoneSimulator.ActiveCfg = Debug|iPhoneSimulator
		{204BFDDA-DBD2-441E-A2A8-85BCD474D7E0}.Debug|iPhoneSimulator.Build.0 = Debug|iPhoneSimulator
		{204BFDDA-DBD2-441E-A2A8-85BCD474D7E0}.Release|iPhone.ActiveCfg = Release|iPhone
		{204BFDDA-DBD2-441E-A2A8-85BCD474D7E0}.Release|iPhone.Build.0 = Release|iPhone
		{204BFDDA-DBD2-441E-A2A8-85BCD474D7E0}.Release|iPhoneSimulator.ActiveCfg = Release|iPhoneSimulator
		{204BFDDA-DBD2-441E-A2A8-85BCD474D7E0}.Release|iPhoneSimulator.Build.0 = Release|iPhoneSimulator
		{204BFDDA-DBD2-441E-A2A8-85BCD474D7E0}.Debug|iPhone.ActiveCfg = Debug|iPhone
		{204BFDDA-DBD2-441E-A2A8-85BCD474D7E0}.Debug|iPhone.Build.0 = Debug|iPhone
		{F7DBA837-F1BE-4216-A1B0-DEA7DC942704}.Debug|Any CPU.ActiveCfg = Debug|Any CPU
		{F7DBA837-F1BE-4216-A1B0-DEA7DC942704}.Debug|Any CPU.Build.0 = Debug|Any CPU
		{F7DBA837-F1BE-4216-A1B0-DEA7DC942704}.Release|Any CPU.ActiveCfg = Release|Any CPU
		{F7DBA837-F1BE-4216-A1B0-DEA7DC942704}.Release|Any CPU.Build.0 = Release|Any CPU
		{F7DBA837-F1BE-4216-A1B0-DEA7DC942704}.Debug|iPhoneSimulator.ActiveCfg = Debug|Any CPU
		{F7DBA837-F1BE-4216-A1B0-DEA7DC942704}.Debug|iPhoneSimulator.Build.0 = Debug|Any CPU
		{F7DBA837-F1BE-4216-A1B0-DEA7DC942704}.Release|iPhone.ActiveCfg = Release|Any CPU
		{F7DBA837-F1BE-4216-A1B0-DEA7DC942704}.Release|iPhone.Build.0 = Release|Any CPU
		{F7DBA837-F1BE-4216-A1B0-DEA7DC942704}.Release|iPhoneSimulator.ActiveCfg = Release|Any CPU
		{F7DBA837-F1BE-4216-A1B0-DEA7DC942704}.Release|iPhoneSimulator.Build.0 = Release|Any CPU
		{F7DBA837-F1BE-4216-A1B0-DEA7DC942704}.Debug|iPhone.ActiveCfg = Debug|Any CPU
		{F7DBA837-F1BE-4216-A1B0-DEA7DC942704}.Debug|iPhone.Build.0 = Debug|Any CPU
	EndGlobalSection
EndGlobal
